// !$*UTF8*$!
{
	archiveVersion = 1;
	classes = {
	};
	objectVersion = 50;
	objects = {

/* Begin PBXBuildFile section */
		D25926F12280F23400A9D119 /* AppDelegate.swift in Sources */ = {isa = PBXBuildFile; fileRef = D25926F02280F23400A9D119 /* AppDelegate.swift */; };
		D25926F32280F23400A9D119 /* ViewController.swift in Sources */ = {isa = PBXBuildFile; fileRef = D25926F22280F23400A9D119 /* ViewController.swift */; };
		D25926F62280F23400A9D119 /* Main.storyboard in Resources */ = {isa = PBXBuildFile; fileRef = D25926F42280F23400A9D119 /* Main.storyboard */; };
		D25926F82280F23400A9D119 /* Assets.xcassets in Resources */ = {isa = PBXBuildFile; fileRef = D25926F72280F23400A9D119 /* Assets.xcassets */; };
		D25926FB2280F23400A9D119 /* LaunchScreen.storyboard in Resources */ = {isa = PBXBuildFile; fileRef = D25926F92280F23400A9D119 /* LaunchScreen.storyboard */; };
		D25927062280F23500A9D119 /* DaduTests.swift in Sources */ = {isa = PBXBuildFile; fileRef = D25927052280F23500A9D119 /* DaduTests.swift */; };
		D25927112280F23500A9D119 /* DaduUITests.swift in Sources */ = {isa = PBXBuildFile; fileRef = D25927102280F23500A9D119 /* DaduUITests.swift */; };
/* End PBXBuildFile section */

/* Begin PBXContainerItemProxy section */
		D25927022280F23400A9D119 /* PBXContainerItemProxy */ = {
			isa = PBXContainerItemProxy;
			containerPortal = D25926E52280F23400A9D119 /* Project object */;
			proxyType = 1;
			remoteGlobalIDString = D25926EC2280F23400A9D119;
			remoteInfo = Dadu;
		};
		D259270D2280F23500A9D119 /* PBXContainerItemProxy */ = {
			isa = PBXContainerItemProxy;
			containerPortal = D25926E52280F23400A9D119 /* Project object */;
			proxyType = 1;
			remoteGlobalIDString = D25926EC2280F23400A9D119;
			remoteInfo = Dadu;
		};
/* End PBXContainerItemProxy section */

/* Begin PBXFileReference section */
		D25926ED2280F23400A9D119 /* Dadu.app */ = {isa = PBXFileReference; explicitFileType = wrapper.application; includeInIndex = 0; path = Dadu.app; sourceTree = BUILT_PRODUCTS_DIR; };
		D25926F02280F23400A9D119 /* AppDelegate.swift */ = {isa = PBXFileReference; lastKnownFileType = sourcecode.swift; path = AppDelegate.swift; sourceTree = "<group>"; };
		D25926F22280F23400A9D119 /* ViewController.swift */ = {isa = PBXFileReference; lastKnownFileType = sourcecode.swift; path = ViewController.swift; sourceTree = "<group>"; };
		D25926F52280F23400A9D119 /* Base */ = {isa = PBXFileReference; lastKnownFileType = file.storyboard; name = Base; path = Base.lproj/Main.storyboard; sourceTree = "<group>"; };
		D25926F72280F23400A9D119 /* Assets.xcassets */ = {isa = PBXFileReference; lastKnownFileType = folder.assetcatalog; path = Assets.xcassets; sourceTree = "<group>"; };
		D25926FA2280F23400A9D119 /* Base */ = {isa = PBXFileReference; lastKnownFileType = file.storyboard; name = Base; path = Base.lproj/LaunchScreen.storyboard; sourceTree = "<group>"; };
		D25926FC2280F23400A9D119 /* Info.plist */ = {isa = PBXFileReference; lastKnownFileType = text.plist.xml; path = Info.plist; sourceTree = "<group>"; };
		D25927012280F23400A9D119 /* DaduTests.xctest */ = {isa = PBXFileReference; explicitFileType = wrapper.cfbundle; includeInIndex = 0; path = DaduTests.xctest; sourceTree = BUILT_PRODUCTS_DIR; };
		D25927052280F23500A9D119 /* DaduTests.swift */ = {isa = PBXFileReference; lastKnownFileType = sourcecode.swift; path = DaduTests.swift; sourceTree = "<group>"; };
		D25927072280F23500A9D119 /* Info.plist */ = {isa = PBXFileReference; lastKnownFileType = text.plist.xml; path = Info.plist; sourceTree = "<group>"; };
		D259270C2280F23500A9D119 /* DaduUITests.xctest */ = {isa = PBXFileReference; explicitFileType = wrapper.cfbundle; includeInIndex = 0; path = DaduUITests.xctest; sourceTree = BUILT_PRODUCTS_DIR; };
		D25927102280F23500A9D119 /* DaduUITests.swift */ = {isa = PBXFileReference; lastKnownFileType = sourcecode.swift; path = DaduUITests.swift; sourceTree = "<group>"; };
		D25927122280F23500A9D119 /* Info.plist */ = {isa = PBXFileReference; lastKnownFileType = text.plist.xml; path = Info.plist; sourceTree = "<group>"; };
/* End PBXFileReference section */

/* Begin PBXFrameworksBuildPhase section */
		D25926EA2280F23400A9D119 /* Frameworks */ = {
			isa = PBXFrameworksBuildPhase;
			buildActionMask = 2147483647;
			files = (
			);
			runOnlyForDeploymentPostprocessing = 0;
		};
		D25926FE2280F23400A9D119 /* Frameworks */ = {
			isa = PBXFrameworksBuildPhase;
			buildActionMask = 2147483647;
			files = (
			);
			runOnlyForDeploymentPostprocessing = 0;
		};
		D25927092280F23500A9D119 /* Frameworks */ = {
			isa = PBXFrameworksBuildPhase;
			buildActionMask = 2147483647;
			files = (
			);
			runOnlyForDeploymentPostprocessing = 0;
		};
/* End PBXFrameworksBuildPhase section */

/* Begin PBXGroup section */
		D25926E42280F23400A9D119 = {
			isa = PBXGroup;
			children = (
				D25926EF2280F23400A9D119 /* Dadu */,
				D25927042280F23500A9D119 /* DaduTests */,
				D259270F2280F23500A9D119 /* DaduUITests */,
				D25926EE2280F23400A9D119 /* Products */,
			);
			sourceTree = "<group>";
		};
		D25926EE2280F23400A9D119 /* Products */ = {
			isa = PBXGroup;
			children = (
				D25926ED2280F23400A9D119 /* Dadu.app */,
				D25927012280F23400A9D119 /* DaduTests.xctest */,
				D259270C2280F23500A9D119 /* DaduUITests.xctest */,
			);
			name = Products;
			sourceTree = "<group>";
		};
		D25926EF2280F23400A9D119 /* Dadu */ = {
			isa = PBXGroup;
			children = (
				D25926F02280F23400A9D119 /* AppDelegate.swift */,
				D25926F22280F23400A9D119 /* ViewController.swift */,
				D25926F42280F23400A9D119 /* Main.storyboard */,
				D25926F72280F23400A9D119 /* Assets.xcassets */,
				D25926F92280F23400A9D119 /* LaunchScreen.storyboard */,
				D25926FC2280F23400A9D119 /* Info.plist */,
			);
			path = Dadu;
			sourceTree = "<group>";
		};
		D25927042280F23500A9D119 /* DaduTests */ = {
			isa = PBXGroup;
			children = (
				D25927052280F23500A9D119 /* DaduTests.swift */,
				D25927072280F23500A9D119 /* Info.plist */,
			);
			path = DaduTests;
			sourceTree = "<group>";
		};
		D259270F2280F23500A9D119 /* DaduUITests */ = {
			isa = PBXGroup;
			children = (
				D25927102280F23500A9D119 /* DaduUITests.swift */,
				D25927122280F23500A9D119 /* Info.plist */,
			);
			path = DaduUITests;
			sourceTree = "<group>";
		};
/* End PBXGroup section */

/* Begin PBXNativeTarget section */
		D25926EC2280F23400A9D119 /* Dadu */ = {
			isa = PBXNativeTarget;
			buildConfigurationList = D25927152280F23500A9D119 /* Build configuration list for PBXNativeTarget "Dadu" */;
			buildPhases = (
				D25926E92280F23400A9D119 /* Sources */,
				D25926EA2280F23400A9D119 /* Frameworks */,
				D25926EB2280F23400A9D119 /* Resources */,
			);
			buildRules = (
			);
			dependencies = (
			);
			name = Dadu;
			productName = Dadu;
			productReference = D25926ED2280F23400A9D119 /* Dadu.app */;
			productType = "com.apple.product-type.application";
		};
		D25927002280F23400A9D119 /* DaduTests */ = {
			isa = PBXNativeTarget;
			buildConfigurationList = D25927182280F23500A9D119 /* Build configuration list for PBXNativeTarget "DaduTests" */;
			buildPhases = (
				D25926FD2280F23400A9D119 /* Sources */,
				D25926FE2280F23400A9D119 /* Frameworks */,
				D25926FF2280F23400A9D119 /* Resources */,
			);
			buildRules = (
			);
			dependencies = (
				D25927032280F23400A9D119 /* PBXTargetDependency */,
			);
			name = DaduTests;
			productName = DaduTests;
			productReference = D25927012280F23400A9D119 /* DaduTests.xctest */;
			productType = "com.apple.product-type.bundle.unit-test";
		};
		D259270B2280F23500A9D119 /* DaduUITests */ = {
			isa = PBXNativeTarget;
			buildConfigurationList = D259271B2280F23500A9D119 /* Build configuration list for PBXNativeTarget "DaduUITests" */;
			buildPhases = (
				D25927082280F23500A9D119 /* Sources */,
				D25927092280F23500A9D119 /* Frameworks */,
				D259270A2280F23500A9D119 /* Resources */,
			);
			buildRules = (
			);
			dependencies = (
				D259270E2280F23500A9D119 /* PBXTargetDependency */,
			);
			name = DaduUITests;
			productName = DaduUITests;
			productReference = D259270C2280F23500A9D119 /* DaduUITests.xctest */;
			productType = "com.apple.product-type.bundle.ui-testing";
		};
/* End PBXNativeTarget section */

/* Begin PBXProject section */
		D25926E52280F23400A9D119 /* Project object */ = {
			isa = PBXProject;
			attributes = {
				LastSwiftUpdateCheck = 1020;
				LastUpgradeCheck = 1020;
				ORGANIZATIONNAME = fntstic;
				TargetAttributes = {
					D25926EC2280F23400A9D119 = {
						CreatedOnToolsVersion = 10.2.1;
					};
					D25927002280F23400A9D119 = {
						CreatedOnToolsVersion = 10.2.1;
						TestTargetID = D25926EC2280F23400A9D119;
					};
					D259270B2280F23500A9D119 = {
						CreatedOnToolsVersion = 10.2.1;
						TestTargetID = D25926EC2280F23400A9D119;
					};
				};
			};
			buildConfigurationList = D25926E82280F23400A9D119 /* Build configuration list for PBXProject "Dadu" */;
			compatibilityVersion = "Xcode 9.3";
			developmentRegion = en;
			hasScannedForEncodings = 0;
			knownRegions = (
				en,
				Base,
			);
			mainGroup = D25926E42280F23400A9D119;
			productRefGroup = D25926EE2280F23400A9D119 /* Products */;
			projectDirPath = "";
			projectRoot = "";
			targets = (
				D25926EC2280F23400A9D119 /* Dadu */,
				D25927002280F23400A9D119 /* DaduTests */,
				D259270B2280F23500A9D119 /* DaduUITests */,
			);
		};
/* End PBXProject section */

/* Begin PBXResourcesBuildPhase section */
		D25926EB2280F23400A9D119 /* Resources */ = {
			isa = PBXResourcesBuildPhase;
			buildActionMask = 2147483647;
			files = (
				D25926FB2280F23400A9D119 /* LaunchScreen.storyboard in Resources */,
				D25926F82280F23400A9D119 /* Assets.xcassets in Resources */,
				D25926F62280F23400A9D119 /* Main.storyboard in Resources */,
			);
			runOnlyForDeploymentPostprocessing = 0;
		};
		D25926FF2280F23400A9D119 /* Resources */ = {
			isa = PBXResourcesBuildPhase;
			buildActionMask = 2147483647;
			files = (
			);
			runOnlyForDeploymentPostprocessing = 0;
		};
		D259270A2280F23500A9D119 /* Resources */ = {
			isa = PBXResourcesBuildPhase;
			buildActionMask = 2147483647;
			files = (
			);
			runOnlyForDeploymentPostprocessing = 0;
		};
/* End PBXResourcesBuildPhase section */

/* Begin PBXSourcesBuildPhase section */
		D25926E92280F23400A9D119 /* Sources */ = {
			isa = PBXSourcesBuildPhase;
			buildActionMask = 2147483647;
			files = (
				D25926F32280F23400A9D119 /* ViewController.swift in Sources */,
				D25926F12280F23400A9D119 /* AppDelegate.swift in Sources */,
			);
			runOnlyForDeploymentPostprocessing = 0;
		};
		D25926FD2280F23400A9D119 /* Sources */ = {
			isa = PBXSourcesBuildPhase;
			buildActionMask = 2147483647;
			files = (
				D25927062280F23500A9D119 /* DaduTests.swift in Sources */,
			);
			runOnlyForDeploymentPostprocessing = 0;
		};
		D25927082280F23500A9D119 /* Sources */ = {
			isa = PBXSourcesBuildPhase;
			buildActionMask = 2147483647;
			files = (
				D25927112280F23500A9D119 /* DaduUITests.swift in Sources */,
			);
			runOnlyForDeploymentPostprocessing = 0;
		};
/* End PBXSourcesBuildPhase section */

/* Begin PBXTargetDependency section */
		D25927032280F23400A9D119 /* PBXTargetDependency */ = {
			isa = PBXTargetDependency;
			target = D25926EC2280F23400A9D119 /* Dadu */;
			targetProxy = D25927022280F23400A9D119 /* PBXContainerItemProxy */;
		};
		D259270E2280F23500A9D119 /* PBXTargetDependency */ = {
			isa = PBXTargetDependency;
			target = D25926EC2280F23400A9D119 /* Dadu */;
			targetProxy = D259270D2280F23500A9D119 /* PBXContainerItemProxy */;
		};
/* End PBXTargetDependency section */

/* Begin PBXVariantGroup section */
		D25926F42280F23400A9D119 /* Main.storyboard */ = {
			isa = PBXVariantGroup;
			children = (
				D25926F52280F23400A9D119 /* Base */,
			);
			name = Main.storyboard;
			sourceTree = "<group>";
		};
		D25926F92280F23400A9D119 /* LaunchScreen.storyboard */ = {
			isa = PBXVariantGroup;
			children = (
				D25926FA2280F23400A9D119 /* Base */,
			);
			name = LaunchScreen.storyboard;
			sourceTree = "<group>";
		};
/* End PBXVariantGroup section */

/* Begin XCBuildConfiguration section */
		D25927132280F23500A9D119 /* Debug */ = {
			isa = XCBuildConfiguration;
			buildSettings = {
				ALWAYS_SEARCH_USER_PATHS = NO;
				CLANG_ANALYZER_NONNULL = YES;
				CLANG_ANALYZER_NUMBER_OBJECT_CONVERSION = YES_AGGRESSIVE;
				CLANG_CXX_LANGUAGE_STANDARD = "gnu++14";
				CLANG_CXX_LIBRARY = "libc++";
				CLANG_ENABLE_MODULES = YES;
				CLANG_ENABLE_OBJC_ARC = YES;
				CLANG_ENABLE_OBJC_WEAK = YES;
				CLANG_WARN_BLOCK_CAPTURE_AUTORELEASING = YES;
				CLANG_WARN_BOOL_CONVERSION = YES;
				CLANG_WARN_COMMA = YES;
				CLANG_WARN_CONSTANT_CONVERSION = YES;
				CLANG_WARN_DEPRECATED_OBJC_IMPLEMENTATIONS = YES;
				CLANG_WARN_DIRECT_OBJC_ISA_USAGE = YES_ERROR;
				CLANG_WARN_DOCUMENTATION_COMMENTS = YES;
				CLANG_WARN_EMPTY_BODY = YES;
				CLANG_WARN_ENUM_CONVERSION = YES;
				CLANG_WARN_INFINITE_RECURSION = YES;
				CLANG_WARN_INT_CONVERSION = YES;
				CLANG_WARN_NON_LITERAL_NULL_CONVERSION = YES;
				CLANG_WARN_OBJC_IMPLICIT_RETAIN_SELF = YES;
				CLANG_WARN_OBJC_LITERAL_CONVERSION = YES;
				CLANG_WARN_OBJC_ROOT_CLASS = YES_ERROR;
				CLANG_WARN_RANGE_LOOP_ANALYSIS = YES;
				CLANG_WARN_STRICT_PROTOTYPES = YES;
				CLANG_WARN_SUSPICIOUS_MOVE = YES;
				CLANG_WARN_UNGUARDED_AVAILABILITY = YES_AGGRESSIVE;
				CLANG_WARN_UNREACHABLE_CODE = YES;
				CLANG_WARN__DUPLICATE_METHOD_MATCH = YES;
				CODE_SIGN_IDENTITY = "iPhone Developer";
				COPY_PHASE_STRIP = NO;
				DEBUG_INFORMATION_FORMAT = dwarf;
				ENABLE_STRICT_OBJC_MSGSEND = YES;
				ENABLE_TESTABILITY = YES;
				GCC_C_LANGUAGE_STANDARD = gnu11;
				GCC_DYNAMIC_NO_PIC = NO;
				GCC_NO_COMMON_BLOCKS = YES;
				GCC_OPTIMIZATION_LEVEL = 0;
				GCC_PREPROCESSOR_DEFINITIONS = (
					"DEBUG=1",
					"$(inherited)",
				);
				GCC_WARN_64_TO_32_BIT_CONVERSION = YES;
				GCC_WARN_ABOUT_RETURN_TYPE = YES_ERROR;
				GCC_WARN_UNDECLARED_SELECTOR = YES;
				GCC_WARN_UNINITIALIZED_AUTOS = YES_AGGRESSIVE;
				GCC_WARN_UNUSED_FUNCTION = YES;
				GCC_WARN_UNUSED_VARIABLE = YES;
				IPHONEOS_DEPLOYMENT_TARGET = 12.2;
				MTL_ENABLE_DEBUG_INFO = INCLUDE_SOURCE;
				MTL_FAST_MATH = YES;
				ONLY_ACTIVE_ARCH = YES;
				SDKROOT = iphoneos;
				SWIFT_ACTIVE_COMPILATION_CONDITIONS = DEBUG;
				SWIFT_OPTIMIZATION_LEVEL = "-Onone";
			};
			name = Debug;
		};
		D25927142280F23500A9D119 /* Release */ = {
			isa = XCBuildConfiguration;
			buildSettings = {
				ALWAYS_SEARCH_USER_PATHS = NO;
				CLANG_ANALYZER_NONNULL = YES;
				CLANG_ANALYZER_NUMBER_OBJECT_CONVERSION = YES_AGGRESSIVE;
				CLANG_CXX_LANGUAGE_STANDARD = "gnu++14";
				CLANG_CXX_LIBRARY = "libc++";
				CLANG_ENABLE_MODULES = YES;
				CLANG_ENABLE_OBJC_ARC = YES;
				CLANG_ENABLE_OBJC_WEAK = YES;
				CLANG_WARN_BLOCK_CAPTURE_AUTORELEASING = YES;
				CLANG_WARN_BOOL_CONVERSION = YES;
				CLANG_WARN_COMMA = YES;
				CLANG_WARN_CONSTANT_CONVERSION = YES;
				CLANG_WARN_DEPRECATED_OBJC_IMPLEMENTATIONS = YES;
				CLANG_WARN_DIRECT_OBJC_ISA_USAGE = YES_ERROR;
				CLANG_WARN_DOCUMENTATION_COMMENTS = YES;
				CLANG_WARN_EMPTY_BODY = YES;
				CLANG_WARN_ENUM_CONVERSION = YES;
				CLANG_WARN_INFINITE_RECURSION = YES;
				CLANG_WARN_INT_CONVERSION = YES;
				CLANG_WARN_NON_LITERAL_NULL_CONVERSION = YES;
				CLANG_WARN_OBJC_IMPLICIT_RETAIN_SELF = YES;
				CLANG_WARN_OBJC_LITERAL_CONVERSION = YES;
				CLANG_WARN_OBJC_ROOT_CLASS = YES_ERROR;
				CLANG_WARN_RANGE_LOOP_ANALYSIS = YES;
				CLANG_WARN_STRICT_PROTOTYPES = YES;
				CLANG_WARN_SUSPICIOUS_MOVE = YES;
				CLANG_WARN_UNGUARDED_AVAILABILITY = YES_AGGRESSIVE;
				CLANG_WARN_UNREACHABLE_CODE = YES;
				CLANG_WARN__DUPLICATE_METHOD_MATCH = YES;
				CODE_SIGN_IDENTITY = "iPhone Developer";
				COPY_PHASE_STRIP = NO;
				DEBUG_INFORMATION_FORMAT = "dwarf-with-dsym";
				ENABLE_NS_ASSERTIONS = NO;
				ENABLE_STRICT_OBJC_MSGSEND = YES;
				GCC_C_LANGUAGE_STANDARD = gnu11;
				GCC_NO_COMMON_BLOCKS = YES;
				GCC_WARN_64_TO_32_BIT_CONVERSION = YES;
				GCC_WARN_ABOUT_RETURN_TYPE = YES_ERROR;
				GCC_WARN_UNDECLARED_SELECTOR = YES;
				GCC_WARN_UNINITIALIZED_AUTOS = YES_AGGRESSIVE;
				GCC_WARN_UNUSED_FUNCTION = YES;
				GCC_WARN_UNUSED_VARIABLE = YES;
				IPHONEOS_DEPLOYMENT_TARGET = 12.2;
				MTL_ENABLE_DEBUG_INFO = NO;
				MTL_FAST_MATH = YES;
				SDKROOT = iphoneos;
				SWIFT_COMPILATION_MODE = wholemodule;
				SWIFT_OPTIMIZATION_LEVEL = "-O";
				VALIDATE_PRODUCT = YES;
			};
			name = Release;
		};
		D25927162280F23500A9D119 /* Debug */ = {
			isa = XCBuildConfiguration;
			buildSettings = {
				ASSETCATALOG_COMPILER_APPICON_NAME = AppIcon;
				CODE_SIGN_STYLE = Automatic;
				DEVELOPMENT_TEAM = 3XD69JWU6A;
				INFOPLIST_FILE = Dadu/Info.plist;
				LD_RUNPATH_SEARCH_PATHS = (
					"$(inherited)",
					"@executable_path/Frameworks",
				);
				PRODUCT_BUNDLE_IDENTIFIER = fnststic.Dadu;
				PRODUCT_NAME = "$(TARGET_NAME)";
				SWIFT_VERSION = 5.0;
				TARGETED_DEVICE_FAMILY = "1,2";
			};
			name = Debug;
		};
		D25927172280F23500A9D119 /* Release */ = {
			isa = XCBuildConfiguration;
			buildSettings = {
				ASSETCATALOG_COMPILER_APPICON_NAME = AppIcon;
				CODE_SIGN_STYLE = Automatic;
				DEVELOPMENT_TEAM = 3XD69JWU6A;
				INFOPLIST_FILE = Dadu/Info.plist;
				LD_RUNPATH_SEARCH_PATHS = (
					"$(inherited)",
					"@executable_path/Frameworks",
				);
				PRODUCT_BUNDLE_IDENTIFIER = fnststic.Dadu;
				PRODUCT_NAME = "$(TARGET_NAME)";
				SWIFT_VERSION = 5.0;
				TARGETED_DEVICE_FAMILY = "1,2";
			};
			name = Release;
		};
		D25927192280F23500A9D119 /* Debug */ = {
			isa = XCBuildConfiguration;
			buildSettings = {
				ALWAYS_EMBED_SWIFT_STANDARD_LIBRARIES = YES;
				BUNDLE_LOADER = "$(TEST_HOST)";
				CODE_SIGN_STYLE = Automatic;
				DEVELOPMENT_TEAM = 3XD69JWU6A;
				INFOPLIST_FILE = DaduTests/Info.plist;
				LD_RUNPATH_SEARCH_PATHS = (
					"$(inherited)",
					"@executable_path/Frameworks",
					"@loader_path/Frameworks",
				);
				PRODUCT_BUNDLE_IDENTIFIER = fnststic.DaduTests;
				PRODUCT_NAME = "$(TARGET_NAME)";
				SWIFT_VERSION = 5.0;
				TARGETED_DEVICE_FAMILY = "1,2";
				TEST_HOST = "$(BUILT_PRODUCTS_DIR)/Dadu.app/Dadu";
			};
			name = Debug;
		};
		D259271A2280F23500A9D119 /* Release */ = {
			isa = XCBuildConfiguration;
			buildSettings = {
				ALWAYS_EMBED_SWIFT_STANDARD_LIBRARIES = YES;
				BUNDLE_LOADER = "$(TEST_HOST)";
				CODE_SIGN_STYLE = Automatic;
				DEVELOPMENT_TEAM = 3XD69JWU6A;
				INFOPLIST_FILE = DaduTests/Info.plist;
				LD_RUNPATH_SEARCH_PATHS = (
					"$(inherited)",
					"@executable_path/Frameworks",
					"@loader_path/Frameworks",
				);
				PRODUCT_BUNDLE_IDENTIFIER = fnststic.DaduTests;
				PRODUCT_NAME = "$(TARGET_NAME)";
				SWIFT_VERSION = 5.0;
				TARGETED_DEVICE_FAMILY = "1,2";
				TEST_HOST = "$(BUILT_PRODUCTS_DIR)/Dadu.app/Dadu";
			};
			name = Release;
		};
		D259271C2280F23500A9D119 /* Debug */ = {
			isa = XCBuildConfiguration;
			buildSettings = {
				ALWAYS_EMBED_SWIFT_STANDARD_LIBRARIES = YES;
				CODE_SIGN_STYLE = Automatic;
				DEVELOPMENT_TEAM = 3XD69JWU6A;
				INFOPLIST_FILE = DaduUITests/Info.plist;
				LD_RUNPATH_SEARCH_PATHS = (
					"$(inherited)",
					"@executable_path/Frameworks",
					"@loader_path/Frameworks",
				);
				PRODUCT_BUNDLE_IDENTIFIER = fnststic.DaduUITests;
				PRODUCT_NAME = "$(TARGET_NAME)";
				SWIFT_VERSION = 5.0;
				TARGETED_DEVICE_FAMILY = "1,2";
				TEST_TARGET_NAME = Dadu;
			};
			name = Debug;
		};
		D259271D2280F23500A9D119 /* Release */ = {
			isa = XCBuildConfiguration;
			buildSettings = {
				ALWAYS_EMBED_SWIFT_STANDARD_LIBRARIES = YES;
				CODE_SIGN_STYLE = Automatic;
				DEVELOPMENT_TEAM = 3XD69JWU6A;
				INFOPLIST_FILE = DaduUITests/Info.plist;
				LD_RUNPATH_SEARCH_PATHS = (
					"$(inherited)",
					"@executable_path/Frameworks",
					"@loader_path/Frameworks",
				);
				PRODUCT_BUNDLE_IDENTIFIER = fnststic.DaduUITests;
				PRODUCT_NAME = "$(TARGET_NAME)";
				SWIFT_VERSION = 5.0;
				TARGETED_DEVICE_FAMILY = "1,2";
				TEST_TARGET_NAME = Dadu;
			};
			name = Release;
		};
/* End XCBuildConfiguration section */

/* Begin XCConfigurationList section */
		D25926E82280F23400A9D119 /* Build configuration list for PBXProject "Dadu" */ = {
			isa = XCConfigurationList;
			buildConfigurations = (
				D25927132280F23500A9D119 /* Debug */,
				D25927142280F23500A9D119 /* Release */,
			);
			defaultConfigurationIsVisible = 0;
			defaultConfigurationName = Release;
		};
		D25927152280F23500A9D119 /* Build configuration list for PBXNativeTarget "Dadu" */ = {
			isa = XCConfigurationList;
			buildConfigurations = (
				D25927162280F23500A9D119 /* Debug */,
				D25927172280F23500A9D119 /* Release */,
			);
			defaultConfigurationIsVisible = 0;
			defaultConfigurationName = Release;
		};
		D25927182280F23500A9D119 /* Build configuration list for PBXNativeTarget "DaduTests" */ = {
			isa = XCConfigurationList;
			buildConfigurations = (
				D25927192280F23500A9D119 /* Debug */,
				D259271A2280F23500A9D119 /* Release */,
			);
			defaultConfigurationIsVisible = 0;
			defaultConfigurationName = Release;
		};
		D259271B2280F23500A9D119 /* Build configuration list for PBXNativeTarget "DaduUITests" */ = {
			isa = XCConfigurationList;
			buildConfigurations = (
				D259271C2280F23500A9D119 /* Debug */,
				D259271D2280F23500A9D119 /* Release */,
			);
			defaultConfigurationIsVisible = 0;
			defaultConfigurationName = Release;
		};
/* End XCConfigurationList section */
	};
	rootObject = D25926E52280F23400A9D119 /* Project object */;
}
